// !$*UTF8*$!
{
	archiveVersion = 1;
	classes = {
	};
	objectVersion = 56;
	objects = {

/* Begin PBXBuildFile section */
		A47563A42D2CBCA200684C77 /* RecipeAppApp.swift in Sources */ = {isa = PBXBuildFile; fileRef = A47563A32D2CBCA200684C77 /* RecipeAppApp.swift */; };
		A47563A62D2CBCA200684C77 /* ContentView.swift in Sources */ = {isa = PBXBuildFile; fileRef = A47563A52D2CBCA200684C77 /* ContentView.swift */; };
		A47563A82D2CBCA600684C77 /* Assets.xcassets in Resources */ = {isa = PBXBuildFile; fileRef = A47563A72D2CBCA600684C77 /* Assets.xcassets */; };
		A47563AB2D2CBCA600684C77 /* Preview Assets.xcassets in Resources */ = {isa = PBXBuildFile; fileRef = A47563AA2D2CBCA600684C77 /* Preview Assets.xcassets */; };
		A47563B52D2CBCA600684C77 /* RecipeAppTests.swift in Sources */ = {isa = PBXBuildFile; fileRef = A47563B42D2CBCA600684C77 /* RecipeAppTests.swift */; };
		A47563BF2D2CBCA600684C77 /* RecipeAppUITests.swift in Sources */ = {isa = PBXBuildFile; fileRef = A47563BE2D2CBCA600684C77 /* RecipeAppUITests.swift */; };
		A47563C12D2CBCA600684C77 /* RecipeAppUITestsLaunchTests.swift in Sources */ = {isa = PBXBuildFile; fileRef = A47563C02D2CBCA600684C77 /* RecipeAppUITestsLaunchTests.swift */; };
		A47563D22D2CBCEA00684C77 /* Recipe.swift in Sources */ = {isa = PBXBuildFile; fileRef = A47563D12D2CBCEA00684C77 /* Recipe.swift */; };
		A47563D42D2CBF2700684C77 /* RecipeService.swift in Sources */ = {isa = PBXBuildFile; fileRef = A47563D32D2CBF2700684C77 /* RecipeService.swift */; };
		A47563D72D2CBFA100684C77 /* ImageCache.swift in Sources */ = {isa = PBXBuildFile; fileRef = A47563D62D2CBFA100684C77 /* ImageCache.swift */; };
		A47563D92D2CBFE600684C77 /* RecipeViewModel.swift in Sources */ = {isa = PBXBuildFile; fileRef = A47563D82D2CBFE600684C77 /* RecipeViewModel.swift */; };
/* End PBXBuildFile section */

/* Begin PBXContainerItemProxy section */
		A47563B12D2CBCA600684C77 /* PBXContainerItemProxy */ = {
			isa = PBXContainerItemProxy;
			containerPortal = A47563982D2CBCA200684C77 /* Project object */;
			proxyType = 1;
			remoteGlobalIDString = A475639F2D2CBCA200684C77;
			remoteInfo = RecipeApp;
		};
		A47563BB2D2CBCA600684C77 /* PBXContainerItemProxy */ = {
			isa = PBXContainerItemProxy;
			containerPortal = A47563982D2CBCA200684C77 /* Project object */;
			proxyType = 1;
			remoteGlobalIDString = A475639F2D2CBCA200684C77;
			remoteInfo = RecipeApp;
		};
/* End PBXContainerItemProxy section */

/* Begin PBXFileReference section */
		A47563A02D2CBCA200684C77 /* RecipeApp.app */ = {isa = PBXFileReference; explicitFileType = wrapper.application; includeInIndex = 0; path = RecipeApp.app; sourceTree = BUILT_PRODUCTS_DIR; };
		A47563A32D2CBCA200684C77 /* RecipeAppApp.swift */ = {isa = PBXFileReference; lastKnownFileType = sourcecode.swift; path = RecipeAppApp.swift; sourceTree = "<group>"; };
		A47563A52D2CBCA200684C77 /* ContentView.swift */ = {isa = PBXFileReference; lastKnownFileType = sourcecode.swift; path = ContentView.swift; sourceTree = "<group>"; };
		A47563A72D2CBCA600684C77 /* Assets.xcassets */ = {isa = PBXFileReference; lastKnownFileType = folder.assetcatalog; path = Assets.xcassets; sourceTree = "<group>"; };
		A47563AA2D2CBCA600684C77 /* Preview Assets.xcassets */ = {isa = PBXFileReference; lastKnownFileType = folder.assetcatalog; path = "Preview Assets.xcassets"; sourceTree = "<group>"; };
		A47563B02D2CBCA600684C77 /* RecipeAppTests.xctest */ = {isa = PBXFileReference; explicitFileType = wrapper.cfbundle; includeInIndex = 0; path = RecipeAppTests.xctest; sourceTree = BUILT_PRODUCTS_DIR; };
		A47563B42D2CBCA600684C77 /* RecipeAppTests.swift */ = {isa = PBXFileReference; lastKnownFileType = sourcecode.swift; path = RecipeAppTests.swift; sourceTree = "<group>"; };
		A47563BA2D2CBCA600684C77 /* RecipeAppUITests.xctest */ = {isa = PBXFileReference; explicitFileType = wrapper.cfbundle; includeInIndex = 0; path = RecipeAppUITests.xctest; sourceTree = BUILT_PRODUCTS_DIR; };
		A47563BE2D2CBCA600684C77 /* RecipeAppUITests.swift */ = {isa = PBXFileReference; lastKnownFileType = sourcecode.swift; path = RecipeAppUITests.swift; sourceTree = "<group>"; };
		A47563C02D2CBCA600684C77 /* RecipeAppUITestsLaunchTests.swift */ = {isa = PBXFileReference; lastKnownFileType = sourcecode.swift; path = RecipeAppUITestsLaunchTests.swift; sourceTree = "<group>"; };
		A47563D12D2CBCEA00684C77 /* Recipe.swift */ = {isa = PBXFileReference; lastKnownFileType = sourcecode.swift; path = Recipe.swift; sourceTree = "<group>"; };
		A47563D32D2CBF2700684C77 /* RecipeService.swift */ = {isa = PBXFileReference; lastKnownFileType = sourcecode.swift; path = RecipeService.swift; sourceTree = "<group>"; };
		A47563D62D2CBFA100684C77 /* ImageCache.swift */ = {isa = PBXFileReference; lastKnownFileType = sourcecode.swift; path = ImageCache.swift; sourceTree = "<group>"; };
		A47563D82D2CBFE600684C77 /* RecipeViewModel.swift */ = {isa = PBXFileReference; lastKnownFileType = sourcecode.swift; path = RecipeViewModel.swift; sourceTree = "<group>"; };
/* End PBXFileReference section */

/* Begin PBXFrameworksBuildPhase section */
		A475639D2D2CBCA200684C77 /* Frameworks */ = {
			isa = PBXFrameworksBuildPhase;
			buildActionMask = 2147483647;
			files = (
			);
			runOnlyForDeploymentPostprocessing = 0;
		};
		A47563AD2D2CBCA600684C77 /* Frameworks */ = {
			isa = PBXFrameworksBuildPhase;
			buildActionMask = 2147483647;
			files = (
			);
			runOnlyForDeploymentPostprocessing = 0;
		};
		A47563B72D2CBCA600684C77 /* Frameworks */ = {
			isa = PBXFrameworksBuildPhase;
			buildActionMask = 2147483647;
			files = (
			);
			runOnlyForDeploymentPostprocessing = 0;
		};
/* End PBXFrameworksBuildPhase section */

/* Begin PBXGroup section */
		A47563972D2CBCA200684C77 = {
			isa = PBXGroup;
			children = (
				A47563A22D2CBCA200684C77 /* RecipeApp */,
				A47563B32D2CBCA600684C77 /* RecipeAppTests */,
				A47563BD2D2CBCA600684C77 /* RecipeAppUITests */,
				A47563A12D2CBCA200684C77 /* Products */,
			);
			sourceTree = "<group>";
		};
		A47563A12D2CBCA200684C77 /* Products */ = {
			isa = PBXGroup;
			children = (
				A47563A02D2CBCA200684C77 /* RecipeApp.app */,
				A47563B02D2CBCA600684C77 /* RecipeAppTests.xctest */,
				A47563BA2D2CBCA600684C77 /* RecipeAppUITests.xctest */,
			);
			name = Products;
			sourceTree = "<group>";
		};
		A47563A22D2CBCA200684C77 /* RecipeApp */ = {
			isa = PBXGroup;
			children = (
				A47563D52D2CBF7500684C77 /* Utils */,
				A47563D02D2CBCC000684C77 /* Services */,
				A47563CF2D2CBCBA00684C77 /* Models */,
				A47563CE2D2CBCB200684C77 /* ViewModels */,
				A47563CD2D2CBCAD00684C77 /* Views */,
				A47563A32D2CBCA200684C77 /* RecipeAppApp.swift */,
				A47563A52D2CBCA200684C77 /* ContentView.swift */,
				A47563A72D2CBCA600684C77 /* Assets.xcassets */,
				A47563A92D2CBCA600684C77 /* Preview Content */,
			);
			path = RecipeApp;
			sourceTree = "<group>";
		};
		A47563A92D2CBCA600684C77 /* Preview Content */ = {
			isa = PBXGroup;
			children = (
				A47563AA2D2CBCA600684C77 /* Preview Assets.xcassets */,
			);
			path = "Preview Content";
			sourceTree = "<group>";
		};
		A47563B32D2CBCA600684C77 /* RecipeAppTests */ = {
			isa = PBXGroup;
			children = (
				A47563B42D2CBCA600684C77 /* RecipeAppTests.swift */,
			);
			path = RecipeAppTests;
			sourceTree = "<group>";
		};
		A47563BD2D2CBCA600684C77 /* RecipeAppUITests */ = {
			isa = PBXGroup;
			children = (
				A47563BE2D2CBCA600684C77 /* RecipeAppUITests.swift */,
				A47563C02D2CBCA600684C77 /* RecipeAppUITestsLaunchTests.swift */,
			);
			path = RecipeAppUITests;
			sourceTree = "<group>";
		};
		A47563CD2D2CBCAD00684C77 /* Views */ = {
			isa = PBXGroup;
			children = (
			);
			path = Views;
			sourceTree = "<group>";
		};
		A47563CE2D2CBCB200684C77 /* ViewModels */ = {
			isa = PBXGroup;
			children = (
				A47563D82D2CBFE600684C77 /* RecipeViewModel.swift */,
			);
			path = ViewModels;
			sourceTree = "<group>";
		};
		A47563CF2D2CBCBA00684C77 /* Models */ = {
			isa = PBXGroup;
			children = (
				A47563D12D2CBCEA00684C77 /* Recipe.swift */,
			);
			path = Models;
			sourceTree = "<group>";
		};
		A47563D02D2CBCC000684C77 /* Services */ = {
			isa = PBXGroup;
			children = (
				A47563D32D2CBF2700684C77 /* RecipeService.swift */,
			);
			path = Services;
			sourceTree = "<group>";
		};
		A47563D52D2CBF7500684C77 /* Utils */ = {
			isa = PBXGroup;
			children = (
				A47563D62D2CBFA100684C77 /* ImageCache.swift */,
			);
			path = Utils;
			sourceTree = "<group>";
		};
/* End PBXGroup section */

/* Begin PBXNativeTarget section */
		A475639F2D2CBCA200684C77 /* RecipeApp */ = {
			isa = PBXNativeTarget;
			buildConfigurationList = A47563C42D2CBCA700684C77 /* Build configuration list for PBXNativeTarget "RecipeApp" */;
			buildPhases = (
				A475639C2D2CBCA200684C77 /* Sources */,
				A475639D2D2CBCA200684C77 /* Frameworks */,
				A475639E2D2CBCA200684C77 /* Resources */,
			);
			buildRules = (
			);
			dependencies = (
			);
			name = RecipeApp;
			productName = RecipeApp;
			productReference = A47563A02D2CBCA200684C77 /* RecipeApp.app */;
			productType = "com.apple.product-type.application";
		};
		A47563AF2D2CBCA600684C77 /* RecipeAppTests */ = {
			isa = PBXNativeTarget;
			buildConfigurationList = A47563C72D2CBCA700684C77 /* Build configuration list for PBXNativeTarget "RecipeAppTests" */;
			buildPhases = (
				A47563AC2D2CBCA600684C77 /* Sources */,
				A47563AD2D2CBCA600684C77 /* Frameworks */,
				A47563AE2D2CBCA600684C77 /* Resources */,
			);
			buildRules = (
			);
			dependencies = (
				A47563B22D2CBCA600684C77 /* PBXTargetDependency */,
			);
			name = RecipeAppTests;
			productName = RecipeAppTests;
			productReference = A47563B02D2CBCA600684C77 /* RecipeAppTests.xctest */;
			productType = "com.apple.product-type.bundle.unit-test";
		};
		A47563B92D2CBCA600684C77 /* RecipeAppUITests */ = {
			isa = PBXNativeTarget;
			buildConfigurationList = A47563CA2D2CBCA700684C77 /* Build configuration list for PBXNativeTarget "RecipeAppUITests" */;
			buildPhases = (
				A47563B62D2CBCA600684C77 /* Sources */,
				A47563B72D2CBCA600684C77 /* Frameworks */,
				A47563B82D2CBCA600684C77 /* Resources */,
			);
			buildRules = (
			);
			dependencies = (
				A47563BC2D2CBCA600684C77 /* PBXTargetDependency */,
			);
			name = RecipeAppUITests;
			productName = RecipeAppUITests;
			productReference = A47563BA2D2CBCA600684C77 /* RecipeAppUITests.xctest */;
			productType = "com.apple.product-type.bundle.ui-testing";
		};
/* End PBXNativeTarget section */

/* Begin PBXProject section */
		A47563982D2CBCA200684C77 /* Project object */ = {
			isa = PBXProject;
			attributes = {
				BuildIndependentTargetsInParallel = 1;
				LastSwiftUpdateCheck = 1520;
				LastUpgradeCheck = 1520;
				TargetAttributes = {
					A475639F2D2CBCA200684C77 = {
						CreatedOnToolsVersion = 15.2;
					};
					A47563AF2D2CBCA600684C77 = {
						CreatedOnToolsVersion = 15.2;
						TestTargetID = A475639F2D2CBCA200684C77;
					};
					A47563B92D2CBCA600684C77 = {
						CreatedOnToolsVersion = 15.2;
						TestTargetID = A475639F2D2CBCA200684C77;
					};
				};
			};
			buildConfigurationList = A475639B2D2CBCA200684C77 /* Build configuration list for PBXProject "RecipeApp" */;
			compatibilityVersion = "Xcode 14.0";
			developmentRegion = en;
			hasScannedForEncodings = 0;
			knownRegions = (
				en,
				Base,
			);
			mainGroup = A47563972D2CBCA200684C77;
			productRefGroup = A47563A12D2CBCA200684C77 /* Products */;
			projectDirPath = "";
			projectRoot = "";
			targets = (
				A475639F2D2CBCA200684C77 /* RecipeApp */,
				A47563AF2D2CBCA600684C77 /* RecipeAppTests */,
				A47563B92D2CBCA600684C77 /* RecipeAppUITests */,
			);
		};
/* End PBXProject section */

/* Begin PBXResourcesBuildPhase section */
		A475639E2D2CBCA200684C77 /* Resources */ = {
			isa = PBXResourcesBuildPhase;
			buildActionMask = 2147483647;
			files = (
				A47563AB2D2CBCA600684C77 /* Preview Assets.xcassets in Resources */,
				A47563A82D2CBCA600684C77 /* Assets.xcassets in Resources */,
			);
			runOnlyForDeploymentPostprocessing = 0;
		};
		A47563AE2D2CBCA600684C77 /* Resources */ = {
			isa = PBXResourcesBuildPhase;
			buildActionMask = 2147483647;
			files = (
			);
			runOnlyForDeploymentPostprocessing = 0;
		};
		A47563B82D2CBCA600684C77 /* Resources */ = {
			isa = PBXResourcesBuildPhase;
			buildActionMask = 2147483647;
			files = (
			);
			runOnlyForDeploymentPostprocessing = 0;
		};
/* End PBXResourcesBuildPhase section */

/* Begin PBXSourcesBuildPhase section */
		A475639C2D2CBCA200684C77 /* Sources */ = {
			isa = PBXSourcesBuildPhase;
			buildActionMask = 2147483647;
			files = (
				A47563D72D2CBFA100684C77 /* ImageCache.swift in Sources */,
				A47563D22D2CBCEA00684C77 /* Recipe.swift in Sources */,
				A47563A62D2CBCA200684C77 /* ContentView.swift in Sources */,
				A47563A42D2CBCA200684C77 /* RecipeAppApp.swift in Sources */,
				A47563D92D2CBFE600684C77 /* RecipeViewModel.swift in Sources */,
				A47563D42D2CBF2700684C77 /* RecipeService.swift in Sources */,
			);
			runOnlyForDeploymentPostprocessing = 0;
		};
		A47563AC2D2CBCA600684C77 /* Sources */ = {
			isa = PBXSourcesBuildPhase;
			buildActionMask = 2147483647;
			files = (
				A47563B52D2CBCA600684C77 /* RecipeAppTests.swift in Sources */,
			);
			runOnlyForDeploymentPostprocessing = 0;
		};
		A47563B62D2CBCA600684C77 /* Sources */ = {
			isa = PBXSourcesBuildPhase;
			buildActionMask = 2147483647;
			files = (
				A47563C12D2CBCA600684C77 /* RecipeAppUITestsLaunchTests.swift in Sources */,
				A47563BF2D2CBCA600684C77 /* RecipeAppUITests.swift in Sources */,
			);
			runOnlyForDeploymentPostprocessing = 0;
		};
/* End PBXSourcesBuildPhase section */

/* Begin PBXTargetDependency section */
		A47563B22D2CBCA600684C77 /* PBXTargetDependency */ = {
			isa = PBXTargetDependency;
			target = A475639F2D2CBCA200684C77 /* RecipeApp */;
			targetProxy = A47563B12D2CBCA600684C77 /* PBXContainerItemProxy */;
		};
		A47563BC2D2CBCA600684C77 /* PBXTargetDependency */ = {
			isa = PBXTargetDependency;
			target = A475639F2D2CBCA200684C77 /* RecipeApp */;
			targetProxy = A47563BB2D2CBCA600684C77 /* PBXContainerItemProxy */;
		};
/* End PBXTargetDependency section */

/* Begin XCBuildConfiguration section */
		A47563C22D2CBCA600684C77 /* Debug */ = {
			isa = XCBuildConfiguration;
			buildSettings = {
				ALWAYS_SEARCH_USER_PATHS = NO;
				ASSETCATALOG_COMPILER_GENERATE_SWIFT_ASSET_SYMBOL_EXTENSIONS = YES;
				CLANG_ANALYZER_NONNULL = YES;
				CLANG_ANALYZER_NUMBER_OBJECT_CONVERSION = YES_AGGRESSIVE;
				CLANG_CXX_LANGUAGE_STANDARD = "gnu++20";
				CLANG_ENABLE_MODULES = YES;
				CLANG_ENABLE_OBJC_ARC = YES;
				CLANG_ENABLE_OBJC_WEAK = YES;
				CLANG_WARN_BLOCK_CAPTURE_AUTORELEASING = YES;
				CLANG_WARN_BOOL_CONVERSION = YES;
				CLANG_WARN_COMMA = YES;
				CLANG_WARN_CONSTANT_CONVERSION = YES;
				CLANG_WARN_DEPRECATED_OBJC_IMPLEMENTATIONS = YES;
				CLANG_WARN_DIRECT_OBJC_ISA_USAGE = YES_ERROR;
				CLANG_WARN_DOCUMENTATION_COMMENTS = YES;
				CLANG_WARN_EMPTY_BODY = YES;
				CLANG_WARN_ENUM_CONVERSION = YES;
				CLANG_WARN_INFINITE_RECURSION = YES;
				CLANG_WARN_INT_CONVERSION = YES;
				CLANG_WARN_NON_LITERAL_NULL_CONVERSION = YES;
				CLANG_WARN_OBJC_IMPLICIT_RETAIN_SELF = YES;
				CLANG_WARN_OBJC_LITERAL_CONVERSION = YES;
				CLANG_WARN_OBJC_ROOT_CLASS = YES_ERROR;
				CLANG_WARN_QUOTED_INCLUDE_IN_FRAMEWORK_HEADER = YES;
				CLANG_WARN_RANGE_LOOP_ANALYSIS = YES;
				CLANG_WARN_STRICT_PROTOTYPES = YES;
				CLANG_WARN_SUSPICIOUS_MOVE = YES;
				CLANG_WARN_UNGUARDED_AVAILABILITY = YES_AGGRESSIVE;
				CLANG_WARN_UNREACHABLE_CODE = YES;
				CLANG_WARN__DUPLICATE_METHOD_MATCH = YES;
				COPY_PHASE_STRIP = NO;
				DEBUG_INFORMATION_FORMAT = dwarf;
				ENABLE_STRICT_OBJC_MSGSEND = YES;
				ENABLE_TESTABILITY = YES;
				ENABLE_USER_SCRIPT_SANDBOXING = YES;
				GCC_C_LANGUAGE_STANDARD = gnu17;
				GCC_DYNAMIC_NO_PIC = NO;
				GCC_NO_COMMON_BLOCKS = YES;
				GCC_OPTIMIZATION_LEVEL = 0;
				GCC_PREPROCESSOR_DEFINITIONS = (
					"DEBUG=1",
					"$(inherited)",
				);
				GCC_WARN_64_TO_32_BIT_CONVERSION = YES;
				GCC_WARN_ABOUT_RETURN_TYPE = YES_ERROR;
				GCC_WARN_UNDECLARED_SELECTOR = YES;
				GCC_WARN_UNINITIALIZED_AUTOS = YES_AGGRESSIVE;
				GCC_WARN_UNUSED_FUNCTION = YES;
				GCC_WARN_UNUSED_VARIABLE = YES;
				IPHONEOS_DEPLOYMENT_TARGET = 17.2;
				LOCALIZATION_PREFERS_STRING_CATALOGS = YES;
				MTL_ENABLE_DEBUG_INFO = INCLUDE_SOURCE;
				MTL_FAST_MATH = YES;
				ONLY_ACTIVE_ARCH = YES;
				SDKROOT = iphoneos;
				SWIFT_ACTIVE_COMPILATION_CONDITIONS = "DEBUG $(inherited)";
				SWIFT_OPTIMIZATION_LEVEL = "-Onone";
			};
			name = Debug;
		};
		A47563C32D2CBCA600684C77 /* Release */ = {
			isa = XCBuildConfiguration;
			buildSettings = {
				ALWAYS_SEARCH_USER_PATHS = NO;
				ASSETCATALOG_COMPILER_GENERATE_SWIFT_ASSET_SYMBOL_EXTENSIONS = YES;
				CLANG_ANALYZER_NONNULL = YES;
				CLANG_ANALYZER_NUMBER_OBJECT_CONVERSION = YES_AGGRESSIVE;
				CLANG_CXX_LANGUAGE_STANDARD = "gnu++20";
				CLANG_ENABLE_MODULES = YES;
				CLANG_ENABLE_OBJC_ARC = YES;
				CLANG_ENABLE_OBJC_WEAK = YES;
				CLANG_WARN_BLOCK_CAPTURE_AUTORELEASING = YES;
				CLANG_WARN_BOOL_CONVERSION = YES;
				CLANG_WARN_COMMA = YES;
				CLANG_WARN_CONSTANT_CONVERSION = YES;
				CLANG_WARN_DEPRECATED_OBJC_IMPLEMENTATIONS = YES;
				CLANG_WARN_DIRECT_OBJC_ISA_USAGE = YES_ERROR;
				CLANG_WARN_DOCUMENTATION_COMMENTS = YES;
				CLANG_WARN_EMPTY_BODY = YES;
				CLANG_WARN_ENUM_CONVERSION = YES;
				CLANG_WARN_INFINITE_RECURSION = YES;
				CLANG_WARN_INT_CONVERSION = YES;
				CLANG_WARN_NON_LITERAL_NULL_CONVERSION = YES;
				CLANG_WARN_OBJC_IMPLICIT_RETAIN_SELF = YES;
				CLANG_WARN_OBJC_LITERAL_CONVERSION = YES;
				CLANG_WARN_OBJC_ROOT_CLASS = YES_ERROR;
				CLANG_WARN_QUOTED_INCLUDE_IN_FRAMEWORK_HEADER = YES;
				CLANG_WARN_RANGE_LOOP_ANALYSIS = YES;
				CLANG_WARN_STRICT_PROTOTYPES = YES;
				CLANG_WARN_SUSPICIOUS_MOVE = YES;
				CLANG_WARN_UNGUARDED_AVAILABILITY = YES_AGGRESSIVE;
				CLANG_WARN_UNREACHABLE_CODE = YES;
				CLANG_WARN__DUPLICATE_METHOD_MATCH = YES;
				COPY_PHASE_STRIP = NO;
				DEBUG_INFORMATION_FORMAT = "dwarf-with-dsym";
				ENABLE_NS_ASSERTIONS = NO;
				ENABLE_STRICT_OBJC_MSGSEND = YES;
				ENABLE_USER_SCRIPT_SANDBOXING = YES;
				GCC_C_LANGUAGE_STANDARD = gnu17;
				GCC_NO_COMMON_BLOCKS = YES;
				GCC_WARN_64_TO_32_BIT_CONVERSION = YES;
				GCC_WARN_ABOUT_RETURN_TYPE = YES_ERROR;
				GCC_WARN_UNDECLARED_SELECTOR = YES;
				GCC_WARN_UNINITIALIZED_AUTOS = YES_AGGRESSIVE;
				GCC_WARN_UNUSED_FUNCTION = YES;
				GCC_WARN_UNUSED_VARIABLE = YES;
				IPHONEOS_DEPLOYMENT_TARGET = 17.2;
				LOCALIZATION_PREFERS_STRING_CATALOGS = YES;
				MTL_ENABLE_DEBUG_INFO = NO;
				MTL_FAST_MATH = YES;
				SDKROOT = iphoneos;
				SWIFT_COMPILATION_MODE = wholemodule;
				VALIDATE_PRODUCT = YES;
			};
			name = Release;
		};
		A47563C52D2CBCA700684C77 /* Debug */ = {
			isa = XCBuildConfiguration;
			buildSettings = {
				ASSETCATALOG_COMPILER_APPICON_NAME = AppIcon;
				ASSETCATALOG_COMPILER_GLOBAL_ACCENT_COLOR_NAME = AccentColor;
				CODE_SIGN_STYLE = Automatic;
				CURRENT_PROJECT_VERSION = 1;
				DEVELOPMENT_ASSET_PATHS = "\"RecipeApp/Preview Content\"";
				DEVELOPMENT_TEAM = 9S35Z35QZB;
				ENABLE_PREVIEWS = YES;
				GENERATE_INFOPLIST_FILE = YES;
				INFOPLIST_KEY_UIApplicationSceneManifest_Generation = YES;
				INFOPLIST_KEY_UIApplicationSupportsIndirectInputEvents = YES;
				INFOPLIST_KEY_UILaunchScreen_Generation = YES;
				INFOPLIST_KEY_UISupportedInterfaceOrientations_iPad = "UIInterfaceOrientationPortrait UIInterfaceOrientationPortraitUpsideDown UIInterfaceOrientationLandscapeLeft UIInterfaceOrientationLandscapeRight";
				INFOPLIST_KEY_UISupportedInterfaceOrientations_iPhone = "UIInterfaceOrientationPortrait UIInterfaceOrientationLandscapeLeft UIInterfaceOrientationLandscapeRight";
				LD_RUNPATH_SEARCH_PATHS = (
					"$(inherited)",
					"@executable_path/Frameworks",
				);
				MARKETING_VERSION = 1.0;
				PRODUCT_BUNDLE_IDENTIFIER = com.divya.RecipeApp;
				PRODUCT_NAME = "$(TARGET_NAME)";
				SWIFT_EMIT_LOC_STRINGS = YES;
				SWIFT_VERSION = 5.0;
				TARGETED_DEVICE_FAMILY = "1,2";
			};
			name = Debug;
		};
		A47563C62D2CBCA700684C77 /* Release */ = {
			isa = XCBuildConfiguration;
			buildSettings = {
				ASSETCATALOG_COMPILER_APPICON_NAME = AppIcon;
				ASSETCATALOG_COMPILER_GLOBAL_ACCENT_COLOR_NAME = AccentColor;
				CODE_SIGN_STYLE = Automatic;
				CURRENT_PROJECT_VERSION = 1;
				DEVELOPMENT_ASSET_PATHS = "\"RecipeApp/Preview Content\"";
				DEVELOPMENT_TEAM = 9S35Z35QZB;
				ENABLE_PREVIEWS = YES;
				GENERATE_INFOPLIST_FILE = YES;
				INFOPLIST_KEY_UIApplicationSceneManifest_Generation = YES;
				INFOPLIST_KEY_UIApplicationSupportsIndirectInputEvents = YES;
				INFOPLIST_KEY_UILaunchScreen_Generation = YES;
				INFOPLIST_KEY_UISupportedInterfaceOrientations_iPad = "UIInterfaceOrientationPortrait UIInterfaceOrientationPortraitUpsideDown UIInterfaceOrientationLandscapeLeft UIInterfaceOrientationLandscapeRight";
				INFOPLIST_KEY_UISupportedInterfaceOrientations_iPhone = "UIInterfaceOrientationPortrait UIInterfaceOrientationLandscapeLeft UIInterfaceOrientationLandscapeRight";
				LD_RUNPATH_SEARCH_PATHS = (
					"$(inherited)",
					"@executable_path/Frameworks",
				);
				MARKETING_VERSION = 1.0;
				PRODUCT_BUNDLE_IDENTIFIER = com.divya.RecipeApp;
				PRODUCT_NAME = "$(TARGET_NAME)";
				SWIFT_EMIT_LOC_STRINGS = YES;
				SWIFT_VERSION = 5.0;
				TARGETED_DEVICE_FAMILY = "1,2";
			};
			name = Release;
		};
		A47563C82D2CBCA700684C77 /* Debug */ = {
			isa = XCBuildConfiguration;
			buildSettings = {
				ALWAYS_EMBED_SWIFT_STANDARD_LIBRARIES = YES;
				BUNDLE_LOADER = "$(TEST_HOST)";
				CODE_SIGN_STYLE = Automatic;
				CURRENT_PROJECT_VERSION = 1;
				DEVELOPMENT_TEAM = 9S35Z35QZB;
				GENERATE_INFOPLIST_FILE = YES;
				IPHONEOS_DEPLOYMENT_TARGET = 17.2;
				MARKETING_VERSION = 1.0;
				PRODUCT_BUNDLE_IDENTIFIER = com.divya.RecipeAppTests;
				PRODUCT_NAME = "$(TARGET_NAME)";
				SWIFT_EMIT_LOC_STRINGS = NO;
				SWIFT_VERSION = 5.0;
				TARGETED_DEVICE_FAMILY = "1,2";
				TEST_HOST = "$(BUILT_PRODUCTS_DIR)/RecipeApp.app/$(BUNDLE_EXECUTABLE_FOLDER_PATH)/RecipeApp";
			};
			name = Debug;
		};
		A47563C92D2CBCA700684C77 /* Release */ = {
			isa = XCBuildConfiguration;
			buildSettings = {
				ALWAYS_EMBED_SWIFT_STANDARD_LIBRARIES = YES;
				BUNDLE_LOADER = "$(TEST_HOST)";
				CODE_SIGN_STYLE = Automatic;
				CURRENT_PROJECT_VERSION = 1;
				DEVELOPMENT_TEAM = 9S35Z35QZB;
				GENERATE_INFOPLIST_FILE = YES;
				IPHONEOS_DEPLOYMENT_TARGET = 17.2;
				MARKETING_VERSION = 1.0;
				PRODUCT_BUNDLE_IDENTIFIER = com.divya.RecipeAppTests;
				PRODUCT_NAME = "$(TARGET_NAME)";
				SWIFT_EMIT_LOC_STRINGS = NO;
				SWIFT_VERSION = 5.0;
				TARGETED_DEVICE_FAMILY = "1,2";
				TEST_HOST = "$(BUILT_PRODUCTS_DIR)/RecipeApp.app/$(BUNDLE_EXECUTABLE_FOLDER_PATH)/RecipeApp";
			};
			name = Release;
		};
		A47563CB2D2CBCA700684C77 /* Debug */ = {
			isa = XCBuildConfiguration;
			buildSettings = {
				ALWAYS_EMBED_SWIFT_STANDARD_LIBRARIES = YES;
				CODE_SIGN_STYLE = Automatic;
				CURRENT_PROJECT_VERSION = 1;
				DEVELOPMENT_TEAM = 9S35Z35QZB;
				GENERATE_INFOPLIST_FILE = YES;
				MARKETING_VERSION = 1.0;
				PRODUCT_BUNDLE_IDENTIFIER = com.divya.RecipeAppUITests;
				PRODUCT_NAME = "$(TARGET_NAME)";
				SWIFT_EMIT_LOC_STRINGS = NO;
				SWIFT_VERSION = 5.0;
				TARGETED_DEVICE_FAMILY = "1,2";
				TEST_TARGET_NAME = RecipeApp;
			};
			name = Debug;
		};
		A47563CC2D2CBCA700684C77 /* Release */ = {
			isa = XCBuildConfiguration;
			buildSettings = {
				ALWAYS_EMBED_SWIFT_STANDARD_LIBRARIES = YES;
				CODE_SIGN_STYLE = Automatic;
				CURRENT_PROJECT_VERSION = 1;
				DEVELOPMENT_TEAM = 9S35Z35QZB;
				GENERATE_INFOPLIST_FILE = YES;
				MARKETING_VERSION = 1.0;
				PRODUCT_BUNDLE_IDENTIFIER = com.divya.RecipeAppUITests;
				PRODUCT_NAME = "$(TARGET_NAME)";
				SWIFT_EMIT_LOC_STRINGS = NO;
				SWIFT_VERSION = 5.0;
				TARGETED_DEVICE_FAMILY = "1,2";
				TEST_TARGET_NAME = RecipeApp;
			};
			name = Release;
		};
/* End XCBuildConfiguration section */

/* Begin XCConfigurationList section */
		A475639B2D2CBCA200684C77 /* Build configuration list for PBXProject "RecipeApp" */ = {
			isa = XCConfigurationList;
			buildConfigurations = (
				A47563C22D2CBCA600684C77 /* Debug */,
				A47563C32D2CBCA600684C77 /* Release */,
			);
			defaultConfigurationIsVisible = 0;
			defaultConfigurationName = Release;
		};
		A47563C42D2CBCA700684C77 /* Build configuration list for PBXNativeTarget "RecipeApp" */ = {
			isa = XCConfigurationList;
			buildConfigurations = (
				A47563C52D2CBCA700684C77 /* Debug */,
				A47563C62D2CBCA700684C77 /* Release */,
			);
			defaultConfigurationIsVisible = 0;
			defaultConfigurationName = Release;
		};
		A47563C72D2CBCA700684C77 /* Build configuration list for PBXNativeTarget "RecipeAppTests" */ = {
			isa = XCConfigurationList;
			buildConfigurations = (
				A47563C82D2CBCA700684C77 /* Debug */,
				A47563C92D2CBCA700684C77 /* Release */,
			);
			defaultConfigurationIsVisible = 0;
			defaultConfigurationName = Release;
		};
		A47563CA2D2CBCA700684C77 /* Build configuration list for PBXNativeTarget "RecipeAppUITests" */ = {
			isa = XCConfigurationList;
			buildConfigurations = (
				A47563CB2D2CBCA700684C77 /* Debug */,
				A47563CC2D2CBCA700684C77 /* Release */,
			);
			defaultConfigurationIsVisible = 0;
			defaultConfigurationName = Release;
		};
/* End XCConfigurationList section */
	};
	rootObject = A47563982D2CBCA200684C77 /* Project object */;
}
